<?xml version="1.0" encoding="utf-8"?>
<Project ToolsVersion="4.0" xmlns="http://schemas.microsoft.com/developer/msbuild/2003">
  <ItemGroup>
    <Filter Include="MiniThing">
      <UniqueIdentifier>{5a0e9b94-d23e-4810-9e49-3eb3e62293c5}</UniqueIdentifier>
    </Filter>
    <Filter Include="MiniThing\Core">
      <UniqueIdentifier>{9b6dfb12-5032-4d6d-9af0-8f23f890e470}</UniqueIdentifier>
    </Filter>
    <Filter Include="MiniThing\ThirdParty">
      <UniqueIdentifier>{73da5e00-58b9-4a95-b235-1407d81918dd}</UniqueIdentifier>
    </Filter>
    <Filter Include="MiniThing\Utility">
      <UniqueIdentifier>{d2561a47-3d4b-41fb-a692-cb0ddaaea6a6}</UniqueIdentifier>
    </Filter>
    <Filter Include="MiniThing\ThirdParty\SQLite">
      <UniqueIdentifier>{e32d0517-06db-46ce-81c9-a641c9b0b7ac}</UniqueIdentifier>
    </Filter>
    <Filter Include="MiniThing\Qt">
      <UniqueIdentifier>{9d37ba03-a137-45f6-bb5b-f61bbd3130a4}</UniqueIdentifier>
    </Filter>
    <Filter Include="Docs">
      <UniqueIdentifier>{2f3b1c77-689e-4d24-9af3-78bff8f0d92c}</UniqueIdentifier>
    </Filter>
    <Filter Include="Docs\Pictures">
      <UniqueIdentifier>{2b0d7bfb-57d6-4daf-81ce-6bee1b033d94}</UniqueIdentifier>
    </Filter>
    <Filter Include="MiniThing\Qt\Resources">
      <UniqueIdentifier>{5da48ecf-c109-4a28-8bcf-a3b016109a3c}</UniqueIdentifier>
    </Filter>
    <Filter Include="MiniThing\ThirdParty\EasyLogger">
      <UniqueIdentifier>{b838435c-f8c0-4481-9eeb-284239b1002c}</UniqueIdentifier>
    </Filter>
    <Filter Include="MiniThing\ThirdParty\EasyLogger\inc">
      <UniqueIdentifier>{9e2957e5-ca3e-423f-beb6-1bd7b1fe9fc6}</UniqueIdentifier>
    </Filter>
    <Filter Include="MiniThing\ThirdParty\EasyLogger\port">
      <UniqueIdentifier>{e7ebf80d-072d-4e9b-870e-78fdf4262d48}</UniqueIdentifier>
    </Filter>
    <Filter Include="MiniThing\ThirdParty\EasyLogger\src">
      <UniqueIdentifier>{843f27a3-3182-47d9-85f4-e9b0527b6062}</UniqueIdentifier>
    </Filter>
    <Filter Include="MiniThing\ThirdParty\EasyLogger\plugins">
      <UniqueIdentifier>{23554100-fb6e-4d6e-afa2-46bd0b726347}</UniqueIdentifier>
    </Filter>
    <Filter Include="MiniThing\ThirdParty\EasyLogger\plugins\file">
      <UniqueIdentifier>{a622f884-33d6-401e-843c-6d4393832341}</UniqueIdentifier>
    </Filter>
    <Filter Include="MiniThing\ThirdParty\EasyLogger\demo">
      <UniqueIdentifier>{9be1cd52-d1d5-4517-a547-5d36aefa0012}</UniqueIdentifier>
    </Filter>
    <Filter Include="MiniThing\ThirdParty\EasyLogger\demo\os">
      <UniqueIdentifier>{896a3dab-36ec-417a-8747-e52d6b686cd6}</UniqueIdentifier>
    </Filter>
    <Filter Include="MiniThing\ThirdParty\EasyLogger\demo\os\windows">
      <UniqueIdentifier>{5a7a542f-5347-45bb-9fc2-32335364e16c}</UniqueIdentifier>
    </Filter>
    <Filter Include="MiniThing\ThirdParty\EasyLogger\demo\os\windows\easylogger">
      <UniqueIdentifier>{98f970e1-c07f-42c3-96b8-ccf8d2081e59}</UniqueIdentifier>
    </Filter>
    <Filter Include="MiniThing\ThirdParty\EasyLogger\demo\os\windows\easylogger\inc">
      <UniqueIdentifier>{c1d928ba-fcfa-4da5-ae4f-89758196825a}</UniqueIdentifier>
    </Filter>
    <Filter Include="MiniThing\ThirdParty\EasyLogger\demo\os\windows\easylogger\port">
      <UniqueIdentifier>{d92dc947-8176-4b4b-91ac-a675cdbd7335}</UniqueIdentifier>
    </Filter>
    <Filter Include=".github">
      <UniqueIdentifier>{65a01b04-f0eb-4eb4-9620-e5e8dfccac45}</UniqueIdentifier>
    </Filter>
    <Filter Include=".github\workflows">
      <UniqueIdentifier>{e7177173-df38-4607-8632-68e5ad8df407}</UniqueIdentifier>
    </Filter>
    <Filter Include="Docs\Topics">
      <UniqueIdentifier>{7b35985d-9917-4cd9-8cad-ab071dbf4f89}</UniqueIdentifier>
    </Filter>
    <Filter Include="Tools">
      <UniqueIdentifier>{ca065695-3a22-4daf-b790-9b7197b4df8b}</UniqueIdentifier>
    </Filter>
    <Filter Include="MiniThing\ThirdParty\cmdline">
      <UniqueIdentifier>{7e8c2152-0143-4a3f-b625-238362fac2a2}</UniqueIdentifier>
    </Filter>
  </ItemGroup>
  <ItemGroup>
    <ClCompile Include="MiniThing\Core\MiniThingCore.cpp">
      <Filter>MiniThing\Core</Filter>
    </ClCompile>
    <ClCompile Include="MiniThing\Core\TaskThreads.cpp">
      <Filter>MiniThing\Core</Filter>
    </ClCompile>
    <ClCompile Include="MiniThing\Utility\Utility.cpp">
      <Filter>MiniThing\Utility</Filter>
    </ClCompile>
    <ClCompile Include="MiniThing\ThirdParty\SQLite\shell.c">
      <Filter>MiniThing\ThirdParty\SQLite</Filter>
    </ClCompile>
    <ClCompile Include="MiniThing\ThirdParty\SQLite\sqlite3.c">
      <Filter>MiniThing\ThirdParty\SQLite</Filter>
    </ClCompile>
    <ClCompile Include="Main.cpp" />
    <ClCompile Include="MiniThing\Qt\MiniThingQt.cpp">
      <Filter>MiniThing\Qt</Filter>
    </ClCompile>
    <ClCompile Include="MiniThing\Qt\MiniThingQtBackgroud.cpp">
      <Filter>MiniThing\Qt</Filter>
    </ClCompile>
    <ClCompile Include="MiniThing\ThirdParty\EasyLogger\easylogger\src\elog.c">
      <Filter>MiniThing\ThirdParty\EasyLogger\src</Filter>
    </ClCompile>
    <ClCompile Include="MiniThing\ThirdParty\EasyLogger\easylogger\src\elog_async.c">
      <Filter>MiniThing\ThirdParty\EasyLogger\src</Filter>
    </ClCompile>
    <ClCompile Include="MiniThing\ThirdParty\EasyLogger\easylogger\src\elog_buf.c">
      <Filter>MiniThing\ThirdParty\EasyLogger\src</Filter>
    </ClCompile>
    <ClCompile Include="MiniThing\ThirdParty\EasyLogger\easylogger\src\elog_utils.c">
      <Filter>MiniThing\ThirdParty\EasyLogger\src</Filter>
    </ClCompile>
    <ClCompile Include="MiniThing\ThirdParty\EasyLogger\easylogger\plugins\file\elog_file.c">
      <Filter>MiniThing\ThirdParty\EasyLogger\plugins\file</Filter>
    </ClCompile>
    <ClCompile Include="MiniThing\ThirdParty\EasyLogger\demo\os\windows\easylogger\port\elog_file_port.c">
      <Filter>MiniThing\ThirdParty\EasyLogger\demo\os\windows\easylogger\port</Filter>
    </ClCompile>
    <ClCompile Include="MiniThing\ThirdParty\EasyLogger\demo\os\windows\easylogger\port\elog_port.c">
      <Filter>MiniThing\ThirdParty\EasyLogger\demo\os\windows\easylogger\port</Filter>
    </ClCompile>
  </ItemGroup>
  <ItemGroup>
    <ClInclude Include="MiniThing\Core\TaskThreads.h">
      <Filter>MiniThing\Core</Filter>
    </ClInclude>
    <ClInclude Include="MiniThing\Utility\Utility.h">
      <Filter>MiniThing\Utility</Filter>
    </ClInclude>
    <ClInclude Include="MiniThing\ThirdParty\SQLite\sqlite3.h">
      <Filter>MiniThing\ThirdParty\SQLite</Filter>
    </ClInclude>
    <ClInclude Include="MiniThing\ThirdParty\SQLite\sqlite3ext.h">
      <Filter>MiniThing\ThirdParty\SQLite</Filter>
    </ClInclude>
    <ClInclude Include="MiniThing\ThirdParty\EasyLogger\easylogger\plugins\file\elog_file.h">
      <Filter>MiniThing\ThirdParty\EasyLogger\plugins\file</Filter>
    </ClInclude>
    <ClInclude Include="MiniThing\ThirdParty\EasyLogger\easylogger\inc\elog.h">
      <Filter>MiniThing\ThirdParty\EasyLogger\inc</Filter>
    </ClInclude>
    <ClInclude Include="MiniThing\ThirdParty\EasyLogger\easylogger\inc\elog_cfg.h">
      <Filter>MiniThing\ThirdParty\EasyLogger\inc</Filter>
    </ClInclude>
    <ClInclude Include="MiniThing\ThirdParty\EasyLogger\demo\os\windows\easylogger\inc\elog_cfg.h">
      <Filter>MiniThing\ThirdParty\EasyLogger\demo\os\windows\easylogger\inc</Filter>
    </ClInclude>
    <ClInclude Include="MiniThing\ThirdParty\EasyLogger\demo\os\windows\easylogger\inc\elog_file_cfg.h">
      <Filter>MiniThing\ThirdParty\EasyLogger\demo\os\windows\easylogger\inc</Filter>
    </ClInclude>
    <ClInclude Include="MiniThing\ThirdParty\cmdline\cmdline.h">
      <Filter>MiniThing\ThirdParty\cmdline</Filter>
    </ClInclude>
  </ItemGroup>
  <ItemGroup>
    <QtMoc Include="MiniThing\Qt\MiniThingQt.h">
      <Filter>MiniThing\Qt</Filter>
    </QtMoc>
    <QtMoc Include="MiniThing\Core\MiniThingCore.h" />
    <QtMoc Include="MiniThing\Qt\MiniThingQtBackgroud.h" />
  </ItemGroup>
  <ItemGroup>
    <None Include=".gitignore" />
    <None Include="LICENSE" />
    <None Include="README.md" />
    <None Include="README-CN.md" />
    <None Include="Docs\Topics\1_MonitorFileChangesUnderWindowsSystem.md">
      <Filter>Docs\Topics</Filter>
    </None>
    <None Include="Docs\Topics\2_Sqlite3SpeedupMethod.md">
      <Filter>Docs\Topics</Filter>
    </None>
    <None Include="Docs\Topics\3_SpeedupQtTableViewAddContent.md">
      <Filter>Docs\Topics</Filter>
    </None>
    <None Include="Tools\UninstallPortablePackage.bat">
      <Filter>Tools</Filter>
    </None>
  </ItemGroup>
  <ItemGroup>
    <Image Include="Docs\Pictures\Architecture.png">
      <Filter>Docs\Pictures</Filter>
    </Image>
    <Image Include="Docs\Pictures\Usage.png">
      <Filter>Docs\Pictures</Filter>
    </Image>
    <Image Include="MiniThing\Qt\Resources\Logo.png">
      <Filter>MiniThing\Qt\Resources</Filter>
    </Image>
    <Image Include="MiniThing\Qt\Resources\Logo.ico">
      <Filter>MiniThing\Qt\Resources</Filter>
    </Image>
  </ItemGroup>
  <ItemGroup>
    <QtRcc Include="MiniThing\Qt\Resources\MiniThing.qrc">
      <Filter>MiniThing\Qt\Resources</Filter>
    </QtRcc>
  </ItemGroup>
  <ItemGroup>
    <QtUic Include="MiniThing\Qt\Resources\MiniThing.ui">
      <Filter>MiniThing\Qt\Resources</Filter>
    </QtUic>
  </ItemGroup>
</Project>