<?xml version="1.0" encoding="utf-8"?>
<Project ToolsVersion="4.0" xmlns="http://schemas.microsoft.com/developer/msbuild/2003">
  <ItemGroup>
    <Filter Include="MiniThing">
      <UniqueIdentifier>{5a0e9b94-d23e-4810-9e49-3eb3e62293c5}</UniqueIdentifier>
    </Filter>
    <Filter Include="MiniThing\Core">
      <UniqueIdentifier>{9b6dfb12-5032-4d6d-9af0-8f23f890e470}</UniqueIdentifier>
    </Filter>
    <Filter Include="MiniThing\ThirdParty">
      <UniqueIdentifier>{73da5e00-58b9-4a95-b235-1407d81918dd}</UniqueIdentifier>
    </Filter>
    <Filter Include="MiniThing\Utility">
      <UniqueIdentifier>{d2561a47-3d4b-41fb-a692-cb0ddaaea6a6}</UniqueIdentifier>
    </Filter>
    <Filter Include="MiniThing\ThirdParty\SQLite">
      <UniqueIdentifier>{e32d0517-06db-46ce-81c9-a641c9b0b7ac}</UniqueIdentifier>
    </Filter>
    <Filter Include="MiniThing\Qt">
      <UniqueIdentifier>{9d37ba03-a137-45f6-bb5b-f61bbd3130a4}</UniqueIdentifier>
    </Filter>
    <Filter Include="Docs">
      <UniqueIdentifier>{2f3b1c77-689e-4d24-9af3-78bff8f0d92c}</UniqueIdentifier>
    </Filter>
    <Filter Include="Docs\Pictures">
      <UniqueIdentifier>{2b0d7bfb-57d6-4daf-81ce-6bee1b033d94}</UniqueIdentifier>
    </Filter>
    <Filter Include="MiniThing\Qt\Resources">
      <UniqueIdentifier>{5da48ecf-c109-4a28-8bcf-a3b016109a3c}</UniqueIdentifier>
    </Filter>
  </ItemGroup>
  <ItemGroup>
    <ClCompile Include="MiniThing\Core\MiniThingCore.cpp">
      <Filter>MiniThing\Core</Filter>
    </ClCompile>
    <ClCompile Include="MiniThing\Core\TaskThreads.cpp">
      <Filter>MiniThing\Core</Filter>
    </ClCompile>
    <ClCompile Include="MiniThing\Utility\Utility.cpp">
      <Filter>MiniThing\Utility</Filter>
    </ClCompile>
    <ClCompile Include="MiniThing\ThirdParty\SQLite\shell.c">
      <Filter>MiniThing\ThirdParty\SQLite</Filter>
    </ClCompile>
    <ClCompile Include="MiniThing\ThirdParty\SQLite\sqlite3.c">
      <Filter>MiniThing\ThirdParty\SQLite</Filter>
    </ClCompile>
    <ClCompile Include="Main.cpp" />
    <ClCompile Include="MiniThing\Qt\MiniThingQt.cpp">
      <Filter>MiniThing\Qt</Filter>
    </ClCompile>
    <ClCompile Include="CommandLineMain.cpp" />
    <ClCompile Include="MiniThing\Qt\MiniThingQtBackgroud.cpp">
      <Filter>MiniThing\Qt</Filter>
    </ClCompile>
  </ItemGroup>
  <ItemGroup>
    <ClInclude Include="MiniThing\Core\MiniThingCore.h">
      <Filter>MiniThing\Core</Filter>
    </ClInclude>
    <ClInclude Include="MiniThing\Core\TaskThreads.h">
      <Filter>MiniThing\Core</Filter>
    </ClInclude>
    <ClInclude Include="MiniThing\Utility\Utility.h">
      <Filter>MiniThing\Utility</Filter>
    </ClInclude>
    <ClInclude Include="MiniThing\ThirdParty\SQLite\sqlite3.h">
      <Filter>MiniThing\ThirdParty\SQLite</Filter>
    </ClInclude>
    <ClInclude Include="MiniThing\ThirdParty\SQLite\sqlite3ext.h">
      <Filter>MiniThing\ThirdParty\SQLite</Filter>
    </ClInclude>
    <ClInclude Include="MiniThing\Qt\MiniThingQtBackgroud.h">
      <Filter>MiniThing\Qt</Filter>
    </ClInclude>
  </ItemGroup>
  <ItemGroup>
    <QtMoc Include="MiniThing\Qt\MiniThingQt.h">
      <Filter>MiniThing\Qt</Filter>
    </QtMoc>
  </ItemGroup>
  <ItemGroup>
    <None Include=".gitignore" />
    <None Include="LICENSE" />
    <None Include="README.md" />
  </ItemGroup>
  <ItemGroup>
    <Image Include="Docs\Pictures\Architecture.png">
      <Filter>Docs\Pictures</Filter>
    </Image>
    <Image Include="Docs\Pictures\Usage.png">
      <Filter>Docs\Pictures</Filter>
    </Image>
  </ItemGroup>
  <ItemGroup>
    <QtRcc Include="MiniThing\Qt\Resources\MiniThing.qrc">
      <Filter>MiniThing\Qt\Resources</Filter>
    </QtRcc>
  </ItemGroup>
  <ItemGroup>
    <QtUic Include="MiniThing\Qt\Resources\MiniThing.ui">
      <Filter>MiniThing\Qt\Resources</Filter>
    </QtUic>
  </ItemGroup>
</Project>